{
  "nodes": {
    "autopkg": {
      "flake": false,
      "locked": {
        "lastModified": 1773368348,
        "narHash": "sha256-gOKmvRAVXE5Jqf44eGOP+FxFyh77nkRwMHW7q5Xqe8Y=",
        "owner": "autopkg",
        "repo": "autopkg",
        "rev": "c34e6b3f20fd1ebb3aa69359099c79e8ebbe723b",
        "type": "github"
      },
      "original": {
        "owner": "autopkg",
        "repo": "autopkg",
        "type": "github"
      }
    },
    "nixpkgs": {
      "locked": {
        "lastModified": 1773476965,
        "narHash": "sha256-Laaj25PvGeoP5SPhMfMGxvWqM6ZjZ6LdUeEhP6b3czY=",
        "owner": "NixOS",
        "repo": "nixpkgs",
        "rev": "f82ce7af0b79ac154b12e27ed800aeb97413723c",
        "type": "github"
      },
      "original": {
        "owner": "NixOS",
        "ref": "nixpkgs-unstable",
        "repo": "nixpkgs",
        "type": "github"
      }
    },
    "root": {
      "inputs": {
        "autopkg": "autopkg",
        "nixpkgs": "nixpkgs"
      }
    }
  },
  "root": "root",
  "version": 7
}
